<?xml version="1.0" encoding="utf-8"?>
<Project ToolsVersion="4.0" xmlns="http://schemas.microsoft.com/developer/msbuild/2003">
  <ItemGroup>
    <Filter Include="Source Files">
      <UniqueIdentifier>{4FC737F1-C7A5-4376-A066-2A32D752A2FF}</UniqueIdentifier>
      <Extensions>cpp;c;cc;cxx;def;odl;idl;hpj;bat;asm;asmx</Extensions>
    </Filter>
    <Filter Include="Export Definitions">
      <UniqueIdentifier>{37A066F1-4376-C7A5-4FC7-2A32D752A2FF}</UniqueIdentifier>
      <Extensions>def</Extensions>
    </Filter>
    <Filter Include="Source Files\AI">
      <UniqueIdentifier>{7b42e044-0ad7-4ebd-8a4e-63601e4bd92b}</UniqueIdentifier>
    </Filter>
    <Filter Include="Source Files\Items">
      <UniqueIdentifier>{f1e314d4-cf5b-47c3-b3b7-e86c91acda91}</UniqueIdentifier>
    </Filter>
    <Filter Include="Source Files\Subtitles">
      <UniqueIdentifier>{ef7069e3-bfa6-42bf-8793-f22805b2ac4e}</UniqueIdentifier>
    </Filter>
    <Filter Include="Source Files\NPCs">
      <UniqueIdentifier>{fe35cdb4-9950-407f-97a2-7c432a59f6ec}</UniqueIdentifier>
    </Filter>
    <Filter Include="Source Files\Weapons">
      <UniqueIdentifier>{9349a6e0-3a73-4870-8691-82ebb7466718}</UniqueIdentifier>
    </Filter>
  </ItemGroup>
  <ItemGroup>
    <ClInclude Include="$(HLSDKRoot)subs_mod\sm_util_txt.h">
      <Filter>Source Files\Subtitles</Filter>
    </ClInclude>
    <ClInclude Include="$(HLSDKRoot)subs_mod\sm_consts.h">
      <Filter>Source Files\Subtitles</Filter>
    </ClInclude>
    <ClInclude Include="$(HLSDKRoot)subs_mod\sm_gamespec.h">
      <Filter>Source Files\Subtitles</Filter>
    </ClInclude>
    <ClInclude Include="$(HLSDKRoot)subs_mod\sm_hook_snd.h">
      <Filter>Source Files\Subtitles</Filter>
    </ClInclude>
    <ClInclude Include="$(HLSDKRoot)subs_mod\sm_hook_txt.h">
      <Filter>Source Files\Subtitles</Filter>
    </ClInclude>
    <ClInclude Include="$(HLSDKRoot)subs_mod\sm_structs.h">
      <Filter>Source Files\Subtitles</Filter>
    </ClInclude>
    <ClInclude Include="$(HLSDKRoot)subs_mod\sm_util_snd.h">
      <Filter>Source Files\Subtitles</Filter>
    </ClInclude>
    <ClInclude Include="$(HLSDKRoot)subs_mod\sm_util_sp.h">
      <Filter>Source Files\Subtitles</Filter>
    </ClInclude>
    <ClInclude Include="$(HLSDKRoot)dlls\cbase.h">
      <Filter>Source Files</Filter>
    </ClInclude>
    <ClInclude Include="$(HLSDKRoot)dlls\cdll_dll.h">
      <Filter>Source Files</Filter>
    </ClInclude>
    <ClInclude Include="$(HLSDKRoot)dlls\client.h">
      <Filter>Source Files</Filter>
    </ClInclude>
    <ClInclude Include="$(HLSDKRoot)dlls\decals.h">
      <Filter>Source Files</Filter>
    </ClInclude>
    <ClInclude Include="$(HLSDKRoot)dlls\doors.h">
      <Filter>Source Files</Filter>
    </ClInclude>
    <ClInclude Include="$(HLSDKRoot)dlls\effects.h">
      <Filter>Source Files</Filter>
    </ClInclude>
    <ClInclude Include="$(HLSDKRoot)engine\eiface.h">
      <Filter>Source Files</Filter>
    </ClInclude>
    <ClInclude Include="$(HLSDKRoot)dlls\enginecallback.h">
      <Filter>Source Files</Filter>
    </ClInclude>
    <ClInclude Include="$(HLSDKRoot)dlls\explode.h">
      <Filter>Source Files</Filter>
    </ClInclude>
    <ClInclude Include="$(HLSDKRoot)dlls\extdll.h">
      <Filter>Source Files</Filter>
    </ClInclude>
    <ClInclude Include="$(HLSDKRoot)dlls\func_break.h">
      <Filter>Source Files</Filter>
    </ClInclude>
    <ClInclude Include="$(HLSDKRoot)dlls\gamerules.h">
      <Filter>Source Files</Filter>
    </ClInclude>
    <ClInclude Include="$(HLSDKRoot)dlls\hornet.h">
      <Filter>Source Files</Filter>
    </ClInclude>
    <ClInclude Include="$(HLSDKRoot)dlls\monsterevent.h">
      <Filter>Source Files</Filter>
    </ClInclude>
    <ClInclude Include="$(HLSDKRoot)dlls\nodes.h">
      <Filter>Source Files</Filter>
    </ClInclude>
    <ClInclude Include="$(HLSDKRoot)dlls\plane.h">
      <Filter>Source Files</Filter>
    </ClInclude>
    <ClInclude Include="$(HLSDKRoot)dlls\player.h">
      <Filter>Source Files</Filter>
    </ClInclude>
    <ClInclude Include="$(HLSDKRoot)pm_shared\pm_debug.h">
      <Filter>Source Files</Filter>
    </ClInclude>
    <ClInclude Include="$(HLSDKRoot)pm_shared\pm_defs.h">
      <Filter>Source Files</Filter>
    </ClInclude>
    <ClInclude Include="$(HLSDKRoot)pm_shared\pm_info.h">
      <Filter>Source Files</Filter>
    </ClInclude>
    <ClInclude Include="$(HLSDKRoot)pm_shared\pm_materials.h">
      <Filter>Source Files</Filter>
    </ClInclude>
    <ClInclude Include="$(HLSDKRoot)pm_shared\pm_movevars.h">
      <Filter>Source Files</Filter>
    </ClInclude>
    <ClInclude Include="$(HLSDKRoot)pm_shared\pm_shared.h">
      <Filter>Source Files</Filter>
    </ClInclude>
    <ClInclude Include="$(HLSDKRoot)dlls\saverestore.h">
      <Filter>Source Files</Filter>
    </ClInclude>
    <ClInclude Include="$(HLSDKRoot)dlls\scriptevent.h">
      <Filter>Source Files</Filter>
    </ClInclude>
    <ClInclude Include="$(HLSDKRoot)dlls\skill.h">
      <Filter>Source Files</Filter>
    </ClInclude>
    <ClInclude Include="$(HLSDKRoot)dlls\soundent.h">
      <Filter>Source Files</Filter>
    </ClInclude>
    <ClInclude Include="$(HLSDKRoot)dlls\spectator.h">
      <Filter>Source Files</Filter>
    </ClInclude>
    <ClInclude Include="$(HLSDKRoot)dlls\squadmonster.h">
      <Filter>Source Files</Filter>
    </ClInclude>
    <ClInclude Include="$(HLSDKRoot)dlls\talkmonster.h">
      <Filter>Source Files</Filter>
    </ClInclude>
    <ClInclude Include="$(HLSDKRoot)dlls\teamplay_gamerules.h">
      <Filter>Source Files</Filter>
    </ClInclude>
    <ClInclude Include="$(HLSDKRoot)dlls\trains.h">
      <Filter>Source Files</Filter>
    </ClInclude>
    <ClInclude Include="$(HLSDKRoot)dlls\util.h">
      <Filter>Source Files</Filter>
    </ClInclude>
    <ClInclude Include="$(HLSDKRoot)dlls\vector.h">
      <Filter>Source Files</Filter>
    </ClInclude>
    <ClInclude Include="$(HLSDKRoot)dlls\weapons.h">
      <Filter>Source Files</Filter>
    </ClInclude>
    <ClInclude Include="..\..\dlls\ai_basemonster.h">
      <Filter>Source Files\AI</Filter>
    </ClInclude>
    <ClInclude Include="..\..\dlls\ai_default.h">
      <Filter>Source Files\AI</Filter>
    </ClInclude>
    <ClInclude Include="..\..\dlls\ai_flyingmonster.h">
      <Filter>Source Files\AI</Filter>
    </ClInclude>
    <ClInclude Include="..\..\dlls\ai_schedule.h">
      <Filter>Source Files\AI</Filter>
    </ClInclude>
    <ClInclude Include="..\..\dlls\ai_scripted.h">
      <Filter>Source Files\AI</Filter>
    </ClInclude>
    <ClInclude Include="$(HLSDKRoot)dlls\items.h">
      <Filter>Source Files\Items</Filter>
    </ClInclude>
    <ClInclude Include="..\..\dlls\ai_activity.h">
      <Filter>Source Files\AI</Filter>
    </ClInclude>
    <ClInclude Include="..\..\dlls\ai_activitymap.h">
      <Filter>Source Files\AI</Filter>
    </ClInclude>
    <ClInclude Include="..\..\dlls\ai_monsters.h">
      <Filter>Source Files\AI</Filter>
    </ClInclude>
    <ClInclude Include="$(HLSDKRoot)dlls\animation.h">
      <Filter>Source Files\NPCs</Filter>
    </ClInclude>
  </ItemGroup>
  <ItemGroup>
    <ClCompile Include="$(HLSDKRoot)subs_mod\sm_util_snd.cpp">
      <Filter>Source Files\Subtitles</Filter>
    </ClCompile>
    <ClCompile Include="$(HLSDKRoot)subs_mod\sm_util_sp.cpp">
      <Filter>Source Files\Subtitles</Filter>
    </ClCompile>
    <ClCompile Include="$(HLSDKRoot)subs_mod\sm_util_txt.cpp">
      <Filter>Source Files\Subtitles</Filter>
    </ClCompile>
    <ClCompile Include="$(HLSDKRoot)dlls\bmodels.cpp">
      <Filter>Source Files</Filter>
    </ClCompile>
    <ClCompile Include="$(HLSDKRoot)dlls\buttons.cpp">
      <Filter>Source Files</Filter>
    </ClCompile>
    <ClCompile Include="$(HLSDKRoot)dlls\cbase.cpp">
      <Filter>Source Files</Filter>
    </ClCompile>
    <ClCompile Include="$(HLSDKRoot)dlls\client.cpp">
      <Filter>Source Files</Filter>
    </ClCompile>
    <ClCompile Include="$(HLSDKRoot)dlls\doors.cpp">
      <Filter>Source Files</Filter>
    </ClCompile>
    <ClCompile Include="$(HLSDKRoot)dlls\effects.cpp">
      <Filter>Source Files</Filter>
    </ClCompile>
    <ClCompile Include="$(HLSDKRoot)dlls\explode.cpp">
      <Filter>Source Files</Filter>
    </ClCompile>
    <ClCompile Include="$(HLSDKRoot)dlls\func_break.cpp">
      <Filter>Source Files</Filter>
    </ClCompile>
    <ClCompile Include="$(HLSDKRoot)dlls\func_tank.cpp">
      <Filter>Source Files</Filter>
    </ClCompile>
    <ClCompile Include="$(HLSDKRoot)dlls\game.cpp">
      <Filter>Source Files</Filter>
    </ClCompile>
    <ClCompile Include="$(HLSDKRoot)dlls\gamerules.cpp">
      <Filter>Source Files</Filter>
    </ClCompile>
    <ClCompile Include="$(HLSDKRoot)dlls\ggrenade.cpp">
      <Filter>Source Files</Filter>
    </ClCompile>
    <ClCompile Include="$(HLSDKRoot)dlls\globals.cpp">
      <Filter>Source Files</Filter>
    </ClCompile>
    <ClCompile Include="$(HLSDKRoot)dlls\h_battery.cpp">
      <Filter>Source Files</Filter>
    </ClCompile>
    <ClCompile Include="$(HLSDKRoot)dlls\h_cycler.cpp">
      <Filter>Source Files</Filter>
    </ClCompile>
    <ClCompile Include="$(HLSDKRoot)dlls\h_export.cpp">
      <Filter>Source Files</Filter>
    </ClCompile>
    <ClCompile Include="$(HLSDKRoot)dlls\healthkit.cpp">
      <Filter>Source Files</Filter>
    </ClCompile>
    <ClCompile Include="$(HLSDKRoot)dlls\hornet.cpp">
      <Filter>Source Files</Filter>
    </ClCompile>
    <ClCompile Include="$(HLSDKRoot)dlls\lights.cpp">
      <Filter>Source Files</Filter>
    </ClCompile>
    <ClCompile Include="$(HLSDKRoot)dlls\maprules.cpp">
      <Filter>Source Files</Filter>
    </ClCompile>
    <ClCompile Include="$(HLSDKRoot)dlls\monstermaker.cpp">
      <Filter>Source Files</Filter>
    </ClCompile>
    <ClCompile Include="$(HLSDKRoot)dlls\mortar.cpp">
      <Filter>Source Files</Filter>
    </ClCompile>
    <ClCompile Include="$(HLSDKRoot)dlls\multiplay_gamerules.cpp">
      <Filter>Source Files</Filter>
    </ClCompile>
    <ClCompile Include="$(HLSDKRoot)dlls\nodes.cpp">
      <Filter>Source Files</Filter>
    </ClCompile>
    <ClCompile Include="$(HLSDKRoot)dlls\observer.cpp">
      <Filter>Source Files</Filter>
    </ClCompile>
    <ClCompile Include="$(HLSDKRoot)dlls\pathcorner.cpp">
      <Filter>Source Files</Filter>
    </ClCompile>
    <ClCompile Include="$(HLSDKRoot)dlls\plane.cpp">
      <Filter>Source Files</Filter>
    </ClCompile>
    <ClCompile Include="$(HLSDKRoot)dlls\plats.cpp">
      <Filter>Source Files</Filter>
    </ClCompile>
    <ClCompile Include="$(HLSDKRoot)dlls\player.cpp">
      <Filter>Source Files</Filter>
    </ClCompile>
    <ClCompile Include="$(HLSDKRoot)pm_shared\pm_debug.c">
      <Filter>Source Files</Filter>
    </ClCompile>
    <ClCompile Include="$(HLSDKRoot)pm_shared\pm_math.c">
      <Filter>Source Files</Filter>
    </ClCompile>
    <ClCompile Include="$(HLSDKRoot)pm_shared\pm_shared.c">
      <Filter>Source Files</Filter>
    </ClCompile>
    <ClCompile Include="$(HLSDKRoot)dlls\singleplay_gamerules.cpp">
      <Filter>Source Files</Filter>
    </ClCompile>
    <ClCompile Include="$(HLSDKRoot)dlls\skill.cpp">
      <Filter>Source Files</Filter>
    </ClCompile>
    <ClCompile Include="$(HLSDKRoot)dlls\sound.cpp">
      <Filter>Source Files</Filter>
    </ClCompile>
    <ClCompile Include="$(HLSDKRoot)dlls\soundent.cpp">
      <Filter>Source Files</Filter>
    </ClCompile>
    <ClCompile Include="$(HLSDKRoot)dlls\spectator.cpp">
      <Filter>Source Files</Filter>
    </ClCompile>
    <ClCompile Include="$(HLSDKRoot)dlls\squadmonster.cpp">
      <Filter>Source Files</Filter>
    </ClCompile>
    <ClCompile Include="$(HLSDKRoot)dlls\subs.cpp">
      <Filter>Source Files</Filter>
    </ClCompile>
    <ClCompile Include="$(HLSDKRoot)dlls\talkmonster.cpp">
      <Filter>Source Files</Filter>
    </ClCompile>
    <ClCompile Include="$(HLSDKRoot)dlls\teamplay_gamerules.cpp">
      <Filter>Source Files</Filter>
    </ClCompile>
    <ClCompile Include="$(HLSDKRoot)dlls\triggers.cpp">
      <Filter>Source Files</Filter>
    </ClCompile>
    <ClCompile Include="$(HLSDKRoot)dlls\util.cpp">
      <Filter>Source Files</Filter>
    </ClCompile>
    <ClCompile Include="$(HLSDKRoot)game_shared\voice_gamemgr.cpp">
      <Filter>Source Files</Filter>
    </ClCompile>
    <ClCompile Include="$(HLSDKRoot)dlls\weapons.cpp">
      <Filter>Source Files</Filter>
    </ClCompile>
    <ClCompile Include="$(HLSDKRoot)dlls\world.cpp">
      <Filter>Source Files</Filter>
    </ClCompile>
    <ClCompile Include="..\..\dlls\ai_combat.cpp">
      <Filter>Source Files\AI</Filter>
    </ClCompile>
    <ClCompile Include="..\..\dlls\ai_default.cpp">
      <Filter>Source Files\AI</Filter>
    </ClCompile>
    <ClCompile Include="..\..\dlls\ai_flyingmonster.cpp">
      <Filter>Source Files\AI</Filter>
    </ClCompile>
    <ClCompile Include="..\..\dlls\ai_hl.cpp">
      <Filter>Source Files\AI</Filter>
    </ClCompile>
    <ClCompile Include="..\..\dlls\ai_monsterstate.cpp">
      <Filter>Source Files\AI</Filter>
    </ClCompile>
    <ClCompile Include="..\..\dlls\ai_schedule.cpp">
      <Filter>Source Files\AI</Filter>
    </ClCompile>
    <ClCompile Include="..\..\dlls\ai_scripted.cpp">
      <Filter>Source Files\AI</Filter>
    </ClCompile>
    <ClCompile Include="$(HLSDKRoot)dlls\items.cpp">
      <Filter>Source Files\Items</Filter>
    </ClCompile>
    <ClCompile Include="$(HLSDKRoot)dlls\airtank.cpp">
      <Filter>Source Files\Items</Filter>
    </ClCompile>
    <ClCompile Include="..\..\dlls\monster_alien_controller.cpp">
      <Filter>Source Files\NPCs</Filter>
    </ClCompile>
    <ClCompile Include="..\..\dlls\monster_alien_grunt.cpp">
      <Filter>Source Files\NPCs</Filter>
    </ClCompile>
    <ClCompile Include="..\..\dlls\monster_alien_slave.cpp">
      <Filter>Source Files\NPCs</Filter>
    </ClCompile>
    <ClCompile Include="..\..\dlls\monster_apache.cpp">
      <Filter>Source Files\NPCs</Filter>
    </ClCompile>
    <ClCompile Include="..\..\dlls\monster_barnacle.cpp">
      <Filter>Source Files\NPCs</Filter>
    </ClCompile>
    <ClCompile Include="..\..\dlls\monster_barney.cpp">
      <Filter>Source Files\NPCs</Filter>
    </ClCompile>
    <ClCompile Include="..\..\dlls\monster_bigmomma.cpp">
      <Filter>Source Files\NPCs</Filter>
    </ClCompile>
    <ClCompile Include="..\..\dlls\monster_bloater.cpp">
      <Filter>Source Files\NPCs</Filter>
    </ClCompile>
    <ClCompile Include="..\..\dlls\monster_bullchicken.cpp">
      <Filter>Source Files\NPCs</Filter>
    </ClCompile>
    <ClCompile Include="..\..\dlls\monster_cockroach.cpp">
      <Filter>Source Files\NPCs</Filter>
    </ClCompile>
    <ClCompile Include="..\..\dlls\monster_flyer.cpp">
      <Filter>Source Files\NPCs</Filter>
    </ClCompile>
    <ClCompile Include="..\..\dlls\monster_gargantua.cpp">
      <Filter>Source Files\NPCs</Filter>
    </ClCompile>
    <ClCompile Include="..\..\dlls\monster_generic.cpp">
      <Filter>Source Files\NPCs</Filter>
    </ClCompile>
    <ClCompile Include="..\..\dlls\monster_gman.cpp">
      <Filter>Source Files\NPCs</Filter>
    </ClCompile>
    <ClCompile Include="..\..\dlls\monster_headcrab.cpp">
      <Filter>Source Files\NPCs</Filter>
    </ClCompile>
    <ClCompile Include="..\..\dlls\monster_houndeye.cpp">
      <Filter>Source Files\NPCs</Filter>
    </ClCompile>
    <ClCompile Include="..\..\dlls\monster_human_assassin.cpp">
      <Filter>Source Files\NPCs</Filter>
    </ClCompile>
    <ClCompile Include="..\..\dlls\monster_human_grunt.cpp">
      <Filter>Source Files\NPCs</Filter>
    </ClCompile>
    <ClCompile Include="..\..\dlls\monster_ichthyosaur.cpp">
      <Filter>Source Files\NPCs</Filter>
    </ClCompile>
    <ClCompile Include="..\..\dlls\monster_leech.cpp">
      <Filter>Source Files\NPCs</Filter>
    </ClCompile>
    <ClCompile Include="..\..\dlls\monster_nihilanth.cpp">
      <Filter>Source Files\NPCs</Filter>
    </ClCompile>
    <ClCompile Include="..\..\dlls\monster_osprey.cpp">
      <Filter>Source Files\NPCs</Filter>
    </ClCompile>
    <ClCompile Include="..\..\dlls\monster_rat.cpp">
      <Filter>Source Files\NPCs</Filter>
    </ClCompile>
    <ClCompile Include="..\..\dlls\monster_scientist.cpp">
      <Filter>Source Files\NPCs</Filter>
    </ClCompile>
    <ClCompile Include="..\..\dlls\monster_tentacle.cpp">
      <Filter>Source Files\NPCs</Filter>
    </ClCompile>
    <ClCompile Include="..\..\dlls\monster_zombie.cpp">
      <Filter>Source Files\NPCs</Filter>
    </ClCompile>
    <ClCompile Include="..\..\dlls\ai_monsters.cpp">
      <Filter>Source Files\AI</Filter>
    </ClCompile>
    <ClCompile Include="..\..\dlls\weapon_crossbow.cpp">
      <Filter>Source Files\Weapons</Filter>
    </ClCompile>
    <ClCompile Include="..\..\dlls\turrets.cpp">
      <Filter>Source Files\NPCs</Filter>
    </ClCompile>
    <ClCompile Include="$(HLSDKRoot)dlls\xen.cpp">
      <Filter>Source Files\NPCs</Filter>
    </ClCompile>
    <ClCompile Include="..\..\dlls\weapon_egon.cpp">
      <Filter>Source Files\Weapons</Filter>
    </ClCompile>
    <ClCompile Include="..\..\dlls\weapon_crowbar.cpp">
      <Filter>Source Files\Weapons</Filter>
    </ClCompile>
    <ClCompile Include="..\..\dlls\weapon_gauss.cpp">
      <Filter>Source Files\Weapons</Filter>
    </ClCompile>
    <ClCompile Include="..\..\dlls\weapon_handgrenade.cpp">
      <Filter>Source Files\Weapons</Filter>
    </ClCompile>
    <ClCompile Include="..\..\dlls\weapon_hornetgun.cpp">
      <Filter>Source Files\Weapons</Filter>
    </ClCompile>
    <ClCompile Include="..\..\dlls\weapon_mp5.cpp">
      <Filter>Source Files\Weapons</Filter>
    </ClCompile>
    <ClCompile Include="..\..\dlls\weapon_python.cpp">
      <Filter>Source Files\Weapons</Filter>
    </ClCompile>
    <ClCompile Include="..\..\dlls\weapon_rpg.cpp">
      <Filter>Source Files\Weapons</Filter>
    </ClCompile>
    <ClCompile Include="..\..\dlls\weapon_satchel.cpp">
      <Filter>Source Files\Weapons</Filter>
    </ClCompile>
    <ClCompile Include="..\..\dlls\weapon_shotgun.cpp">
      <Filter>Source Files\Weapons</Filter>
    </ClCompile>
    <ClCompile Include="..\..\dlls\weapon_snark.cpp">
      <Filter>Source Files\Weapons</Filter>
    </ClCompile>
    <ClCompile Include="..\..\dlls\weapon_tripmine.cpp">
      <Filter>Source Files\Weapons</Filter>
    </ClCompile>
    <ClCompile Include="$(HLSDKRoot)dlls\animating.cpp">
      <Filter>Source Files\NPCs</Filter>
    </ClCompile>
    <ClCompile Include="$(HLSDKRoot)dlls\animation.cpp">
      <Filter>Source Files\NPCs</Filter>
    </ClCompile>
    <ClCompile Include="..\..\dlls\weapon_glock.cpp">
      <Filter>Source Files\Weapons</Filter>
    </ClCompile>
  </ItemGroup>
  <ItemGroup>
    <None Include="$(HLSDKRoot)dlls\hl.def">
      <Filter>Export Definitions</Filter>
    </None>
  </ItemGroup>
</Project>