<?xml version="1.0" encoding="utf-8"?>
<Project ToolsVersion="4.0" xmlns="http://schemas.microsoft.com/developer/msbuild/2003">
  <ItemGroup>
    <Filter Include="Source Files">
      <UniqueIdentifier>{4FC737F1-C7A5-4376-A066-2A32D752A2FF}</UniqueIdentifier>
      <Extensions>cpp;c;cc;cxx;def;odl;idl;hpj;bat;asm;asmx</Extensions>
    </Filter>
    <Filter Include="Source Files\hl">
      <UniqueIdentifier>{bd9d5958-4e67-4bff-bbd8-6ba6dfcdb720}</UniqueIdentifier>
    </Filter>
    <Filter Include="Source Files\hl\wpn_shared">
      <UniqueIdentifier>{a46a0ff1-e7ad-43c4-afb8-6c93e71803a1}</UniqueIdentifier>
    </Filter>
    <Filter Include="Source Files\VGUI">
      <UniqueIdentifier>{ef7a03e7-55bd-4e69-aa51-cf05d911aab8}</UniqueIdentifier>
    </Filter>
    <Filter Include="Source Files\VGUI_SubsMOD">
      <UniqueIdentifier>{455658f8-8915-4e1f-985f-154955306c65}</UniqueIdentifier>
    </Filter>
  </ItemGroup>
  <ItemGroup>
    <ClCompile Include="..\..\cl_dll\hl\hl_weapons.cpp">
      <Filter>Source Files\hl</Filter>
    </ClCompile>
    <ClCompile Include="..\..\cl_dll\hl\hl_baseentity.cpp">
      <Filter>Source Files\hl</Filter>
    </ClCompile>
    <ClCompile Include="..\..\cl_dll\hl\hl_events.cpp">
      <Filter>Source Files\hl</Filter>
    </ClCompile>
    <ClCompile Include="..\..\cl_dll\hl\hl_objects.cpp">
      <Filter>Source Files\hl</Filter>
    </ClCompile>
    <ClCompile Include="..\..\dlls\wpn_shared\hl_wpn_glock.cpp">
      <Filter>Source Files\hl\wpn_shared</Filter>
    </ClCompile>
    <ClCompile Include="..\..\dlls\tripmine.cpp">
      <Filter>Source Files\hl</Filter>
    </ClCompile>
    <ClCompile Include="..\..\dlls\crossbow.cpp">
      <Filter>Source Files\hl</Filter>
    </ClCompile>
    <ClCompile Include="..\..\dlls\crowbar.cpp">
      <Filter>Source Files\hl</Filter>
    </ClCompile>
    <ClCompile Include="..\..\dlls\egon.cpp">
      <Filter>Source Files\hl</Filter>
    </ClCompile>
    <ClCompile Include="..\..\dlls\gauss.cpp">
      <Filter>Source Files\hl</Filter>
    </ClCompile>
    <ClCompile Include="..\..\dlls\handgrenade.cpp">
      <Filter>Source Files\hl</Filter>
    </ClCompile>
    <ClCompile Include="..\..\dlls\hornetgun.cpp">
      <Filter>Source Files\hl</Filter>
    </ClCompile>
    <ClCompile Include="..\..\dlls\mp5.cpp">
      <Filter>Source Files\hl</Filter>
    </ClCompile>
    <ClCompile Include="..\..\dlls\python.cpp">
      <Filter>Source Files\hl</Filter>
    </ClCompile>
    <ClCompile Include="..\..\dlls\rpg.cpp">
      <Filter>Source Files\hl</Filter>
    </ClCompile>
    <ClCompile Include="..\..\dlls\satchel.cpp">
      <Filter>Source Files\hl</Filter>
    </ClCompile>
    <ClCompile Include="..\..\dlls\shotgun.cpp">
      <Filter>Source Files\hl</Filter>
    </ClCompile>
    <ClCompile Include="..\..\dlls\squeakgrenade.cpp">
      <Filter>Source Files\hl</Filter>
    </ClCompile>
    <ClCompile Include="..\..\cl_dll\voice_status.cpp">
      <Filter>Source Files</Filter>
    </ClCompile>
    <ClCompile Include="..\..\cl_dll\ammo.cpp">
      <Filter>Source Files</Filter>
    </ClCompile>
    <ClCompile Include="..\..\cl_dll\ammo_secondary.cpp">
      <Filter>Source Files</Filter>
    </ClCompile>
    <ClCompile Include="..\..\cl_dll\ammohistory.cpp">
      <Filter>Source Files</Filter>
    </ClCompile>
    <ClCompile Include="..\..\cl_dll\battery.cpp">
      <Filter>Source Files</Filter>
    </ClCompile>
    <ClCompile Include="..\..\cl_dll\cdll_int.cpp">
      <Filter>Source Files</Filter>
    </ClCompile>
    <ClCompile Include="..\..\cl_dll\com_weapons.cpp">
      <Filter>Source Files</Filter>
    </ClCompile>
    <ClCompile Include="..\..\cl_dll\death.cpp">
      <Filter>Source Files</Filter>
    </ClCompile>
    <ClCompile Include="..\..\cl_dll\demo.cpp">
      <Filter>Source Files</Filter>
    </ClCompile>
    <ClCompile Include="..\..\cl_dll\entity.cpp">
      <Filter>Source Files</Filter>
    </ClCompile>
    <ClCompile Include="..\..\cl_dll\ev_common.cpp">
      <Filter>Source Files</Filter>
    </ClCompile>
    <ClCompile Include="..\..\cl_dll\ev_hldm.cpp">
      <Filter>Source Files</Filter>
    </ClCompile>
    <ClCompile Include="..\..\cl_dll\events.cpp">
      <Filter>Source Files</Filter>
    </ClCompile>
    <ClCompile Include="..\..\cl_dll\flashlight.cpp">
      <Filter>Source Files</Filter>
    </ClCompile>
    <ClCompile Include="..\..\cl_dll\GameStudioModelRenderer.cpp">
      <Filter>Source Files</Filter>
    </ClCompile>
    <ClCompile Include="..\..\cl_dll\geiger.cpp">
      <Filter>Source Files</Filter>
    </ClCompile>
    <ClCompile Include="..\..\cl_dll\health.cpp">
      <Filter>Source Files</Filter>
    </ClCompile>
    <ClCompile Include="..\..\cl_dll\hud.cpp">
      <Filter>Source Files</Filter>
    </ClCompile>
    <ClCompile Include="..\..\cl_dll\hud_bench.cpp">
      <Filter>Source Files</Filter>
    </ClCompile>
    <ClCompile Include="..\..\cl_dll\hud_benchtrace.cpp">
      <Filter>Source Files</Filter>
    </ClCompile>
    <ClCompile Include="..\..\cl_dll\hud_msg.cpp">
      <Filter>Source Files</Filter>
    </ClCompile>
    <ClCompile Include="..\..\cl_dll\hud_redraw.cpp">
      <Filter>Source Files</Filter>
    </ClCompile>
    <ClCompile Include="..\..\cl_dll\hud_servers.cpp">
      <Filter>Source Files</Filter>
    </ClCompile>
    <ClCompile Include="..\..\cl_dll\hud_spectator.cpp">
      <Filter>Source Files</Filter>
    </ClCompile>
    <ClCompile Include="..\..\cl_dll\hud_update.cpp">
      <Filter>Source Files</Filter>
    </ClCompile>
    <ClCompile Include="..\..\cl_dll\in_camera.cpp">
      <Filter>Source Files</Filter>
    </ClCompile>
    <ClCompile Include="..\..\cl_dll\input.cpp">
      <Filter>Source Files</Filter>
    </ClCompile>
    <ClCompile Include="..\..\cl_dll\inputw32.cpp">
      <Filter>Source Files</Filter>
    </ClCompile>
    <ClCompile Include="..\..\public\interface.cpp">
      <Filter>Source Files</Filter>
    </ClCompile>
    <ClCompile Include="..\..\cl_dll\interpolation.cpp">
      <Filter>Source Files</Filter>
    </ClCompile>
    <ClCompile Include="..\..\cl_dll\menu.cpp">
      <Filter>Source Files</Filter>
    </ClCompile>
    <ClCompile Include="..\..\cl_dll\message.cpp">
      <Filter>Source Files</Filter>
    </ClCompile>
    <ClCompile Include="..\..\common\parsemsg.cpp">
      <Filter>Source Files</Filter>
    </ClCompile>
    <ClCompile Include="..\..\pm_shared\pm_debug.c">
      <Filter>Source Files</Filter>
    </ClCompile>
    <ClCompile Include="..\..\pm_shared\pm_math.c">
      <Filter>Source Files</Filter>
    </ClCompile>
    <ClCompile Include="..\..\pm_shared\pm_shared.c">
      <Filter>Source Files</Filter>
    </ClCompile>
    <ClCompile Include="..\..\cl_dll\saytext.cpp">
      <Filter>Source Files</Filter>
    </ClCompile>
    <ClCompile Include="..\..\cl_dll\status_icons.cpp">
      <Filter>Source Files</Filter>
    </ClCompile>
    <ClCompile Include="..\..\cl_dll\statusbar.cpp">
      <Filter>Source Files</Filter>
    </ClCompile>
    <ClCompile Include="..\..\cl_dll\studio_util.cpp">
      <Filter>Source Files</Filter>
    </ClCompile>
    <ClCompile Include="..\..\cl_dll\StudioModelRenderer.cpp">
      <Filter>Source Files</Filter>
    </ClCompile>
    <ClCompile Include="..\..\cl_dll\text_message.cpp">
      <Filter>Source Files</Filter>
    </ClCompile>
    <ClCompile Include="..\..\cl_dll\train.cpp">
      <Filter>Source Files</Filter>
    </ClCompile>
    <ClCompile Include="..\..\cl_dll\tri.cpp">
      <Filter>Source Files</Filter>
    </ClCompile>
    <ClCompile Include="..\..\cl_dll\util.cpp">
      <Filter>Source Files</Filter>
    </ClCompile>
    <ClCompile Include="..\..\cl_dll\view.cpp">
      <Filter>Source Files</Filter>
    </ClCompile>
    <ClCompile Include="..\..\game_shared\voice_banmgr.cpp">
      <Filter>Source Files</Filter>
    </ClCompile>
    <ClCompile Include="..\..\game_shared\vgui_checkbutton2.cpp">
      <Filter>Source Files\VGUI</Filter>
    </ClCompile>
    <ClCompile Include="..\..\cl_dll\vgui_teammenu.cpp">
      <Filter>Source Files\VGUI</Filter>
    </ClCompile>
    <ClCompile Include="..\..\cl_dll\vgui_ClassMenu.cpp">
      <Filter>Source Files\VGUI</Filter>
    </ClCompile>
    <ClCompile Include="..\..\cl_dll\vgui_ControlConfigPanel.cpp">
      <Filter>Source Files\VGUI</Filter>
    </ClCompile>
    <ClCompile Include="..\..\cl_dll\vgui_CustomObjects.cpp">
      <Filter>Source Files\VGUI</Filter>
    </ClCompile>
    <ClCompile Include="..\..\game_shared\vgui_grid.cpp">
      <Filter>Source Files\VGUI</Filter>
    </ClCompile>
    <ClCompile Include="..\..\game_shared\vgui_helpers.cpp">
      <Filter>Source Files\VGUI</Filter>
    </ClCompile>
    <ClCompile Include="..\..\cl_dll\vgui_int.cpp">
      <Filter>Source Files\VGUI</Filter>
    </ClCompile>
    <ClCompile Include="..\..\game_shared\vgui_listbox.cpp">
      <Filter>Source Files\VGUI</Filter>
    </ClCompile>
    <ClCompile Include="..\..\game_shared\vgui_loadtga.cpp">
      <Filter>Source Files\VGUI</Filter>
    </ClCompile>
    <ClCompile Include="..\..\cl_dll\vgui_MOTDWindow.cpp">
      <Filter>Source Files\VGUI</Filter>
    </ClCompile>
    <ClCompile Include="..\..\cl_dll\vgui_SchemeManager.cpp">
      <Filter>Source Files\VGUI</Filter>
    </ClCompile>
    <ClCompile Include="..\..\cl_dll\vgui_ScorePanel.cpp">
      <Filter>Source Files\VGUI</Filter>
    </ClCompile>
    <ClCompile Include="..\..\game_shared\vgui_scrollbar2.cpp">
      <Filter>Source Files\VGUI</Filter>
    </ClCompile>
    <ClCompile Include="..\..\cl_dll\vgui_ServerBrowser.cpp">
      <Filter>Source Files\VGUI</Filter>
    </ClCompile>
    <ClCompile Include="..\..\game_shared\vgui_slider2.cpp">
      <Filter>Source Files\VGUI</Filter>
    </ClCompile>
    <ClCompile Include="..\..\cl_dll\vgui_SpectatorPanel.cpp">
      <Filter>Source Files\VGUI</Filter>
    </ClCompile>
    <ClCompile Include="..\..\cl_dll\vgui_TeamFortressViewport.cpp">
      <Filter>Source Files\VGUI</Filter>
    </ClCompile>
    <ClCompile Include="..\..\cl_dll\vgui_MSG_Subtitles.cpp">
      <Filter>Source Files\VGUI_SubsMOD</Filter>
    </ClCompile>
    <ClCompile Include="..\..\cl_dll\vgui_MSG_Ingame.cpp">
      <Filter>Source Files\VGUI_SubsMOD</Filter>
    </ClCompile>
    <ClCompile Include="..\..\cl_dll\vgui_MSG_Saved.cpp">
      <Filter>Source Files\VGUI_SubsMOD</Filter>
    </ClCompile>
    <ClCompile Include="..\..\cl_dll\vgui_MSG_Chapter.cpp">
      <Filter>Source Files\VGUI_SubsMOD</Filter>
    </ClCompile>
    <ClCompile Include="..\..\cl_dll\vgui_MSG_Credits.cpp">
      <Filter>Source Files\VGUI_SubsMOD</Filter>
    </ClCompile>
  </ItemGroup>
  <ItemGroup>
    <ClInclude Include="..\..\common\parsemsg.h">
      <Filter>Source Files</Filter>
    </ClInclude>
    <ClInclude Include="..\..\cl_dll\ammo.h">
      <Filter>Source Files</Filter>
    </ClInclude>
    <ClInclude Include="..\..\cl_dll\wrect.h">
      <Filter>Source Files</Filter>
    </ClInclude>
    <ClInclude Include="..\..\cl_dll\ammohistory.h">
      <Filter>Source Files</Filter>
    </ClInclude>
    <ClInclude Include="..\..\cl_dll\camera.h">
      <Filter>Source Files</Filter>
    </ClInclude>
    <ClInclude Include="..\..\cl_dll\cl_dll.h">
      <Filter>Source Files</Filter>
    </ClInclude>
    <ClInclude Include="..\..\cl_dll\cl_util.h">
      <Filter>Source Files</Filter>
    </ClInclude>
    <ClInclude Include="..\..\cl_dll\com_weapons.h">
      <Filter>Source Files</Filter>
    </ClInclude>
    <ClInclude Include="..\..\cl_dll\demo.h">
      <Filter>Source Files</Filter>
    </ClInclude>
    <ClInclude Include="..\..\cl_dll\ev_hldm.h">
      <Filter>Source Files</Filter>
    </ClInclude>
    <ClInclude Include="..\..\cl_dll\eventscripts.h">
      <Filter>Source Files</Filter>
    </ClInclude>
    <ClInclude Include="..\..\cl_dll\GameStudioModelRenderer.h">
      <Filter>Source Files</Filter>
    </ClInclude>
    <ClInclude Include="..\..\cl_dll\health.h">
      <Filter>Source Files</Filter>
    </ClInclude>
    <ClInclude Include="..\..\cl_dll\hud.h">
      <Filter>Source Files</Filter>
    </ClInclude>
    <ClInclude Include="..\..\cl_dll\hud_servers.h">
      <Filter>Source Files</Filter>
    </ClInclude>
    <ClInclude Include="..\..\cl_dll\hud_servers_priv.h">
      <Filter>Source Files</Filter>
    </ClInclude>
    <ClInclude Include="..\..\cl_dll\hud_spectator.h">
      <Filter>Source Files</Filter>
    </ClInclude>
    <ClInclude Include="..\..\cl_dll\in_defs.h">
      <Filter>Source Files</Filter>
    </ClInclude>
    <ClInclude Include="..\..\cl_dll\interpolation.h">
      <Filter>Source Files</Filter>
    </ClInclude>
    <ClInclude Include="..\..\cl_dll\kbutton.h">
      <Filter>Source Files</Filter>
    </ClInclude>
    <ClInclude Include="..\..\cl_dll\StudioModelRenderer.h">
      <Filter>Source Files</Filter>
    </ClInclude>
    <ClInclude Include="..\..\cl_dll\tri.h">
      <Filter>Source Files</Filter>
    </ClInclude>
    <ClInclude Include="..\..\cl_dll\util_vector.h">
      <Filter>Source Files</Filter>
    </ClInclude>
    <ClInclude Include="..\..\cl_dll\view.h">
      <Filter>Source Files</Filter>
    </ClInclude>
    <ClInclude Include="..\..\game_shared\voice_status.h">
      <Filter>Source Files</Filter>
    </ClInclude>
    <ClInclude Include="..\..\game_shared\voice_banmgr.h">
      <Filter>Source Files</Filter>
    </ClInclude>
    <ClInclude Include="..\..\pm_shared\pm_debug.h">
      <Filter>Source Files</Filter>
    </ClInclude>
    <ClInclude Include="..\..\pm_shared\pm_shared.h">
      <Filter>Source Files</Filter>
    </ClInclude>
    <ClInclude Include="..\..\pm_shared\pm_defs.h">
      <Filter>Source Files</Filter>
    </ClInclude>
    <ClInclude Include="..\..\pm_shared\pm_info.h">
      <Filter>Source Files</Filter>
    </ClInclude>
    <ClInclude Include="..\..\pm_shared\pm_materials.h">
      <Filter>Source Files</Filter>
    </ClInclude>
    <ClInclude Include="..\..\pm_shared\pm_movevars.h">
      <Filter>Source Files</Filter>
    </ClInclude>
    <ClInclude Include="..\..\cl_dll\vgui_ControlConfigPanel.h">
      <Filter>Source Files\VGUI</Filter>
    </ClInclude>
    <ClInclude Include="..\..\cl_dll\vgui_int.h">
      <Filter>Source Files\VGUI</Filter>
    </ClInclude>
    <ClInclude Include="..\..\cl_dll\vgui_SchemeManager.h">
      <Filter>Source Files\VGUI</Filter>
    </ClInclude>
    <ClInclude Include="..\..\cl_dll\vgui_ScorePanel.h">
      <Filter>Source Files\VGUI</Filter>
    </ClInclude>
    <ClInclude Include="..\..\game_shared\vgui_scrollbar2.h">
      <Filter>Source Files\VGUI</Filter>
    </ClInclude>
    <ClInclude Include="..\..\cl_dll\vgui_ServerBrowser.h">
      <Filter>Source Files\VGUI</Filter>
    </ClInclude>
    <ClInclude Include="..\..\game_shared\vgui_slider2.h">
      <Filter>Source Files\VGUI</Filter>
    </ClInclude>
    <ClInclude Include="..\..\cl_dll\vgui_SpectatorPanel.h">
      <Filter>Source Files\VGUI</Filter>
    </ClInclude>
    <ClInclude Include="..\..\cl_dll\vgui_MSG_Subtitles.h">
      <Filter>Source Files\VGUI_SubsMOD</Filter>
    </ClInclude>
    <ClInclude Include="..\..\cl_dll\vgui_MSG_Ingame.h">
      <Filter>Source Files\VGUI_SubsMOD</Filter>
    </ClInclude>
    <ClInclude Include="..\..\cl_dll\vgui_MSG_Saved.h">
      <Filter>Source Files\VGUI_SubsMOD</Filter>
    </ClInclude>
    <ClInclude Include="..\..\cl_dll\vgui_MSG_Chapter.h">
      <Filter>Source Files\VGUI_SubsMOD</Filter>
    </ClInclude>
    <ClInclude Include="..\..\cl_dll\vgui_MSG_Credits.h">
      <Filter>Source Files\VGUI_SubsMOD</Filter>
    </ClInclude>
  </ItemGroup>
  <ItemGroup>
    <Library Include="..\..\lib\public\game_controls.lib" />
  </ItemGroup>
</Project>