
Microsoft Visual Studio Solution File, Format Version 12.00
# Visual Studio Express 2013 for Windows Desktop
VisualStudioVersion = 12.0.31101.0
MinimumVisualStudioVersion = 10.0.40219.1
Project("{8BC9CEB8-8B4A-11D0-8D11-00A0C91BC942}") = "Subs Mod (sm_gearbox, client)", "subs_mod_gb_cl.vcxproj", "{E012C43A-E0E9-436B-96B1-9EDD98DF18BB}"
EndProject
Project("{8BC9CEB8-8B4A-11D0-8D11-00A0C91BC942}") = "OVERDRIVE SERVER (hl.dll)", "subs_mod_gb_sv.vcxproj", "{253987B2-4E8E-4989-8160-C9EEA1D8C27E}"
EndProject
Global
	GlobalSection(SolutionConfigurationPlatforms) = preSolution
		Debug|Win32 = Debug|Win32
		Release|Win32 = Release|Win32
	EndGlobalSection
	GlobalSection(ProjectConfigurationPlatforms) = postSolution
		{E012C43A-E0E9-436B-96B1-9EDD98DF18BB}.Debug|Win32.ActiveCfg = Debug|Win32
		{E012C43A-E0E9-436B-96B1-9EDD98DF18BB}.Debug|Win32.Build.0 = Debug|Win32
		{E012C43A-E0E9-436B-96B1-9EDD98DF18BB}.Release|Win32.ActiveCfg = Release|Win32
		{E012C43A-E0E9-436B-96B1-9EDD98DF18BB}.Release|Win32.Build.0 = Release|Win32
		{253987B2-4E8E-4989-8160-C9EEA1D8C27E}.Debug|Win32.ActiveCfg = Debug|Win32
		{253987B2-4E8E-4989-8160-C9EEA1D8C27E}.Debug|Win32.Build.0 = Debug|Win32
		{253987B2-4E8E-4989-8160-C9EEA1D8C27E}.Release|Win32.ActiveCfg = Release|Win32
		{253987B2-4E8E-4989-8160-C9EEA1D8C27E}.Release|Win32.Build.0 = Release|Win32
	EndGlobalSection
	GlobalSection(SolutionProperties) = preSolution
		HideSolutionNode = FALSE
	EndGlobalSection
EndGlobal
